
Microsoft Visual Studio Solution File, Format Version 12.00
# Visual Studio 15
VisualStudioVersion = 15.0.34729.27
MinimumVisualStudioVersion = 10.0.40219.1
Project("{FAE04EC0-301F-11D3-BF4B-00C04F79EFBC}") = "CoffeShopManagement", "project\CoffeShopManagement.csproj", "{D6B53874-EED7-4E89-933F-18E025853C8A}"
EndProject
Project("{2150E333-8FDC-42A3-9474-1A3956D46DE8}") = "Solution Items", "Solution Items", "{D33B7085-99A8-49A7-9FF3-C7D3898F08E6}"
EndProject
Project("{54435603-DBB4-11D2-8724-00A0C9A8B90C}") = "QLCafe_Setup", "QLCafe_Setup\QLCafe_Setup.vdproj", "{0A44517A-14D5-473D-AC53-F8481266C2FA}"
EndProject
Global
	GlobalSection(SolutionConfigurationPlatforms) = preSolution
		Debug|Any CPU = Debug|Any CPU
		Debug|x86 = Debug|x86
		Release|Any CPU = Release|Any CPU
		Release|x86 = Release|x86
	EndGlobalSection
	GlobalSection(ProjectConfigurationPlatforms) = postSolution
		{D6B53874-EED7-4E89-933F-18E025853C8A}.Debug|Any CPU.ActiveCfg = Debug|x86
		{D6B53874-EED7-4E89-933F-18E025853C8A}.Debug|x86.ActiveCfg = Debug|x86
		{D6B53874-EED7-4E89-933F-18E025853C8A}.Debug|x86.Build.0 = Debug|x86
		{D6B53874-EED7-4E89-933F-18E025853C8A}.Release|Any CPU.ActiveCfg = Release|x86
		{D6B53874-EED7-4E89-933F-18E025853C8A}.Release|x86.ActiveCfg = Release|x86
		{D6B53874-EED7-4E89-933F-18E025853C8A}.Release|x86.Build.0 = Release|x86
		{0A44517A-14D5-473D-AC53-F8481266C2FA}.Debug|Any CPU.ActiveCfg = Debug
		{0A44517A-14D5-473D-AC53-F8481266C2FA}.Debug|x86.ActiveCfg = Debug
		{0A44517A-14D5-473D-AC53-F8481266C2FA}.Release|Any CPU.ActiveCfg = Release
		{0A44517A-14D5-473D-AC53-F8481266C2FA}.Release|x86.ActiveCfg = Release
	EndGlobalSection
	GlobalSection(SolutionProperties) = preSolution
		HideSolutionNode = FALSE
	EndGlobalSection
	GlobalSection(ExtensibilityGlobals) = postSolution
		SolutionGuid = {C6D2AE5F-A8DB-4C7D-B152-F0E5CDD2A0B7}
	EndGlobalSection
EndGlobal
